
Microsoft Visual Studio Solution File, Format Version 12.00
# Visual Studio Version 17
VisualStudioVersion = 17.9.34728.123
MinimumVisualStudioVersion = 10.0.40219.1
Project("{9A19103F-16F7-4668-BE54-9A1E7A4F7556}") = "AuctionService", "AuctionService\AuctionService.csproj", "{7260CA19-81B1-4B65-B198-B36DBBD7291F}"
EndProject
Project("{2150E333-8FDC-42A3-9474-1A3956D46DE8}") = "Solution Items", "Solution Items", "{3895A2AB-DA85-487D-8211-0BCEC4FBEC5B}"
	ProjectSection(SolutionItems) = preProject
		.editorconfig = .editorconfig
		Docker-compose.yml = Docker-compose.yml
	EndProjectSection
EndProject
Project("{9A19103F-16F7-4668-BE54-9A1E7A4F7556}") = "SearchService", "SearchService\SearchService.csproj", "{805D2384-986E-4DD2-AC0D-E7E20BD61D99}"
EndProject
Project("{FAE04EC0-301F-11D3-BF4B-00C04F79EFBC}") = "Contracts", "Contracts\Contracts.csproj", "{2BDBBFF0-E29B-49A4-A1E4-D6FC5A4ED9DC}"
EndProject
Global
	GlobalSection(SolutionConfigurationPlatforms) = preSolution
		Debug|Any CPU = Debug|Any CPU
		Release|Any CPU = Release|Any CPU
	EndGlobalSection
	GlobalSection(ProjectConfigurationPlatforms) = postSolution
		{7260CA19-81B1-4B65-B198-B36DBBD7291F}.Debug|Any CPU.ActiveCfg = Debug|Any CPU
		{7260CA19-81B1-4B65-B198-B36DBBD7291F}.Debug|Any CPU.Build.0 = Debug|Any CPU
		{7260CA19-81B1-4B65-B198-B36DBBD7291F}.Release|Any CPU.ActiveCfg = Release|Any CPU
		{7260CA19-81B1-4B65-B198-B36DBBD7291F}.Release|Any CPU.Build.0 = Release|Any CPU
		{805D2384-986E-4DD2-AC0D-E7E20BD61D99}.Debug|Any CPU.ActiveCfg = Debug|Any CPU
		{805D2384-986E-4DD2-AC0D-E7E20BD61D99}.Debug|Any CPU.Build.0 = Debug|Any CPU
		{805D2384-986E-4DD2-AC0D-E7E20BD61D99}.Release|Any CPU.ActiveCfg = Release|Any CPU
		{805D2384-986E-4DD2-AC0D-E7E20BD61D99}.Release|Any CPU.Build.0 = Release|Any CPU
		{2BDBBFF0-E29B-49A4-A1E4-D6FC5A4ED9DC}.Debug|Any CPU.ActiveCfg = Debug|Any CPU
		{2BDBBFF0-E29B-49A4-A1E4-D6FC5A4ED9DC}.Debug|Any CPU.Build.0 = Debug|Any CPU
		{2BDBBFF0-E29B-49A4-A1E4-D6FC5A4ED9DC}.Release|Any CPU.ActiveCfg = Release|Any CPU
		{2BDBBFF0-E29B-49A4-A1E4-D6FC5A4ED9DC}.Release|Any CPU.Build.0 = Release|Any CPU
	EndGlobalSection
	GlobalSection(SolutionProperties) = preSolution
		HideSolutionNode = FALSE
	EndGlobalSection
	GlobalSection(ExtensibilityGlobals) = postSolution
		SolutionGuid = {0AA33616-782E-48E8-9A80-35B9A70267A5}
	EndGlobalSection
EndGlobal
