
Microsoft Visual Studio Solution File, Format Version 12.00
# Visual Studio Version 17
VisualStudioVersion = 17.9.34728.123
MinimumVisualStudioVersion = 10.0.40219.1
Project("{FAE04EC0-301F-11D3-BF4B-00C04F79EFBC}") = "AuctionService", "Carties-Auction\AuctionService.csproj", "{224C43F5-29BE-4DD8-9A31-2F4F93FF66EF}"
EndProject
Global
	GlobalSection(SolutionConfigurationPlatforms) = preSolution
		Debug|Any CPU = Debug|Any CPU
		Release|Any CPU = Release|Any CPU
	EndGlobalSection
	GlobalSection(ProjectConfigurationPlatforms) = postSolution
		{224C43F5-29BE-4DD8-9A31-2F4F93FF66EF}.Debug|Any CPU.ActiveCfg = Debug|Any CPU
		{224C43F5-29BE-4DD8-9A31-2F4F93FF66EF}.Debug|Any CPU.Build.0 = Debug|Any CPU
		{224C43F5-29BE-4DD8-9A31-2F4F93FF66EF}.Release|Any CPU.ActiveCfg = Release|Any CPU
		{224C43F5-29BE-4DD8-9A31-2F4F93FF66EF}.Release|Any CPU.Build.0 = Release|Any CPU
	EndGlobalSection
	GlobalSection(SolutionProperties) = preSolution
		HideSolutionNode = FALSE
	EndGlobalSection
	GlobalSection(ExtensibilityGlobals) = postSolution
		SolutionGuid = {426AD12F-6763-41B1-A5EB-46D8558D2B68}
	EndGlobalSection
EndGlobal
